{
  "name": "grok-bot-gb-cli",
  "version": "0.1.0",
  "lockfileVersion": 3,
  "requires": true,
  "packages": {
    "": {
      "name": "grok-bot-gb-cli",
      "version": "0.1.0",
      "license": "MIT",
      "bin": {
        "gb": "bin/gb.js"
      },
      "engines": {
        "node": ">=20"
      }
    }
  }
}
